
Microsoft Visual Studio Solution File, Format Version 12.00
# Visual Studio Version 17
VisualStudioVersion = 17.2.32630.192
MinimumVisualStudioVersion = 10.0.40219.1
Project("{FAE04EC0-301F-11D3-BF4B-00C04F79EFBC}") = "DataGrid Dashboard", "DataGrid Dashboard\DataGrid Dashboard.csproj", "{74208894-1EA1-4B16-BD6C-618728FEE595}"
EndProject
Global
	GlobalSection(SolutionConfigurationPlatforms) = preSolution
		Debug|Any CPU = Debug|Any CPU
		Release|Any CPU = Release|Any CPU
	EndGlobalSection
	GlobalSection(ProjectConfigurationPlatforms) = postSolution
		{74208894-1EA1-4B16-BD6C-618728FEE595}.Debug|Any CPU.ActiveCfg = Debug|Any CPU
		{74208894-1EA1-4B16-BD6C-618728FEE595}.Debug|Any CPU.Build.0 = Debug|Any CPU
		{74208894-1EA1-4B16-BD6C-618728FEE595}.Release|Any CPU.ActiveCfg = Release|Any CPU
		{74208894-1EA1-4B16-BD6C-618728FEE595}.Release|Any CPU.Build.0 = Release|Any CPU
	EndGlobalSection
	GlobalSection(SolutionProperties) = preSolution
		HideSolutionNode = FALSE
	EndGlobalSection
	GlobalSection(ExtensibilityGlobals) = postSolution
		SolutionGuid = {08435FB2-4ADE-47DF-831C-73A5460358AB}
	EndGlobalSection
EndGlobal
